// !$*UTF8*$!
{
	archiveVersion = 1;
	classes = {
	};
	objectVersion = 50;
	objects = {

/* Begin PBXBuildFile section */
		760CE1DA20B593E1003C35DD /* main.m in Sources */ = {isa = PBXBuildFile; fileRef = 760CE1D920B593E1003C35DD /* main.m */; };
		760CE1E220B593F7003C35DD /* Father.m in Sources */ = {isa = PBXBuildFile; fileRef = 760CE1E120B593F7003C35DD /* Father.m */; };
		760CE1E520B593FE003C35DD /* Son.m in Sources */ = {isa = PBXBuildFile; fileRef = 760CE1E420B593FE003C35DD /* Son.m */; };
/* End PBXBuildFile section */

/* Begin PBXCopyFilesBuildPhase section */
		760CE1D420B593E1003C35DD /* CopyFiles */ = {
			isa = PBXCopyFilesBuildPhase;
			buildActionMask = 2147483647;
			dstPath = /usr/share/man/man1/;
			dstSubfolderSpec = 0;
			files = (
			);
			runOnlyForDeploymentPostprocessing = 1;
		};
/* End PBXCopyFilesBuildPhase section */

/* Begin PBXFileReference section */
		760CE1D620B593E1003C35DD /* ZenOfDesignPatterns.里氏替换 */ = {isa = PBXFileReference; explicitFileType = "compiled.mach-o.executable"; includeInIndex = 0; path = "ZenOfDesignPatterns.里氏替换"; sourceTree = BUILT_PRODUCTS_DIR; };
		760CE1D920B593E1003C35DD /* main.m */ = {isa = PBXFileReference; lastKnownFileType = sourcecode.c.objc; path = main.m; sourceTree = "<group>"; };
		760CE1E020B593F7003C35DD /* Father.h */ = {isa = PBXFileReference; lastKnownFileType = sourcecode.c.h; path = Father.h; sourceTree = "<group>"; };
		760CE1E120B593F7003C35DD /* Father.m */ = {isa = PBXFileReference; lastKnownFileType = sourcecode.c.objc; path = Father.m; sourceTree = "<group>"; };
		760CE1E320B593FE003C35DD /* Son.h */ = {isa = PBXFileReference; lastKnownFileType = sourcecode.c.h; path = Son.h; sourceTree = "<group>"; };
		760CE1E420B593FE003C35DD /* Son.m */ = {isa = PBXFileReference; lastKnownFileType = sourcecode.c.objc; path = Son.m; sourceTree = "<group>"; };
/* End PBXFileReference section */

/* Begin PBXFrameworksBuildPhase section */
		760CE1D320B593E1003C35DD /* Frameworks */ = {
			isa = PBXFrameworksBuildPhase;
			buildActionMask = 2147483647;
			files = (
			);
			runOnlyForDeploymentPostprocessing = 0;
		};
/* End PBXFrameworksBuildPhase section */

/* Begin PBXGroup section */
		760CE1CD20B593E1003C35DD = {
			isa = PBXGroup;
			children = (
				760CE1D820B593E1003C35DD /* ZenOfDesignPatterns.里氏替换 */,
				760CE1D720B593E1003C35DD /* Products */,
			);
			sourceTree = "<group>";
		};
		760CE1D720B593E1003C35DD /* Products */ = {
			isa = PBXGroup;
			children = (
				760CE1D620B593E1003C35DD /* ZenOfDesignPatterns.里氏替换 */,
			);
			name = Products;
			sourceTree = "<group>";
		};
		760CE1D820B593E1003C35DD /* ZenOfDesignPatterns.里氏替换 */ = {
			isa = PBXGroup;
			children = (
				760CE1D920B593E1003C35DD /* main.m */,
				760CE1E020B593F7003C35DD /* Father.h */,
				760CE1E120B593F7003C35DD /* Father.m */,
				760CE1E320B593FE003C35DD /* Son.h */,
				760CE1E420B593FE003C35DD /* Son.m */,
			);
			path = "ZenOfDesignPatterns.里氏替换";
			sourceTree = "<group>";
		};
/* End PBXGroup section */

/* Begin PBXNativeTarget section */
		760CE1D520B593E1003C35DD /* ZenOfDesignPatterns.里氏替换 */ = {
			isa = PBXNativeTarget;
			buildConfigurationList = 760CE1DD20B593E1003C35DD /* Build configuration list for PBXNativeTarget "ZenOfDesignPatterns.里氏替换" */;
			buildPhases = (
				760CE1D220B593E1003C35DD /* Sources */,
				760CE1D320B593E1003C35DD /* Frameworks */,
				760CE1D420B593E1003C35DD /* CopyFiles */,
			);
			buildRules = (
			);
			dependencies = (
			);
			name = "ZenOfDesignPatterns.里氏替换";
			productName = "ZenOfDesignPatterns.里氏替换";
			productReference = 760CE1D620B593E1003C35DD /* ZenOfDesignPatterns.里氏替换 */;
			productType = "com.apple.product-type.tool";
		};
/* End PBXNativeTarget section */

/* Begin PBXProject section */
		760CE1CE20B593E1003C35DD /* Project object */ = {
			isa = PBXProject;
			attributes = {
				LastUpgradeCheck = 0930;
				ORGANIZATIONNAME = Wooop;
				TargetAttributes = {
					760CE1D520B593E1003C35DD = {
						CreatedOnToolsVersion = 9.3;
					};
				};
			};
			buildConfigurationList = 760CE1D120B593E1003C35DD /* Build configuration list for PBXProject "ZenOfDesignPatterns.里氏替换" */;
			compatibilityVersion = "Xcode 9.3";
			developmentRegion = en;
			hasScannedForEncodings = 0;
			knownRegions = (
				en,
			);
			mainGroup = 760CE1CD20B593E1003C35DD;
			productRefGroup = 760CE1D720B593E1003C35DD /* Products */;
			projectDirPath = "";
			projectRoot = "";
			targets = (
				760CE1D520B593E1003C35DD /* ZenOfDesignPatterns.里氏替换 */,
			);
		};
/* End PBXProject section */

/* Begin PBXSourcesBuildPhase section */
		760CE1D220B593E1003C35DD /* Sources */ = {
			isa = PBXSourcesBuildPhase;
			buildActionMask = 2147483647;
			files = (
				760CE1E520B593FE003C35DD /* Son.m in Sources */,
				760CE1DA20B593E1003C35DD /* main.m in Sources */,
				760CE1E220B593F7003C35DD /* Father.m in Sources */,
			);
			runOnlyForDeploymentPostprocessing = 0;
		};
/* End PBXSourcesBuildPhase section */

/* Begin XCBuildConfiguration section */
		760CE1DB20B593E1003C35DD /* Debug */ = {
			isa = XCBuildConfiguration;
			buildSettings = {
				ALWAYS_SEARCH_USER_PATHS = NO;
				CLANG_ANALYZER_NONNULL = YES;
				CLANG_ANALYZER_NUMBER_OBJECT_CONVERSION = YES_AGGRESSIVE;
				CLANG_CXX_LANGUAGE_STANDARD = "gnu++14";
				CLANG_CXX_LIBRARY = "libc++";
				CLANG_ENABLE_MODULES = YES;
				CLANG_ENABLE_OBJC_ARC = YES;
				CLANG_ENABLE_OBJC_WEAK = YES;
				CLANG_WARN_BLOCK_CAPTURE_AUTORELEASING = YES;
				CLANG_WARN_BOOL_CONVERSION = YES;
				CLANG_WARN_COMMA = YES;
				CLANG_WARN_CONSTANT_CONVERSION = YES;
				CLANG_WARN_DEPRECATED_OBJC_IMPLEMENTATIONS = YES;
				CLANG_WARN_DIRECT_OBJC_ISA_USAGE = YES_ERROR;
				CLANG_WARN_DOCUMENTATION_COMMENTS = YES;
				CLANG_WARN_EMPTY_BODY = YES;
				CLANG_WARN_ENUM_CONVERSION = YES;
				CLANG_WARN_INFINITE_RECURSION = YES;
				CLANG_WARN_INT_CONVERSION = YES;
				CLANG_WARN_NON_LITERAL_NULL_CONVERSION = YES;
				CLANG_WARN_OBJC_IMPLICIT_RETAIN_SELF = YES;
				CLANG_WARN_OBJC_LITERAL_CONVERSION = YES;
				CLANG_WARN_OBJC_ROOT_CLASS = YES_ERROR;
				CLANG_WARN_RANGE_LOOP_ANALYSIS = YES;
				CLANG_WARN_STRICT_PROTOTYPES = YES;
				CLANG_WARN_SUSPICIOUS_MOVE = YES;
				CLANG_WARN_UNGUARDED_AVAILABILITY = YES_AGGRESSIVE;
				CLANG_WARN_UNREACHABLE_CODE = YES;
				CLANG_WARN__DUPLICATE_METHOD_MATCH = YES;
				CODE_SIGN_IDENTITY = "-";
				COPY_PHASE_STRIP = NO;
				DEBUG_INFORMATION_FORMAT = dwarf;
				ENABLE_STRICT_OBJC_MSGSEND = YES;
				ENABLE_TESTABILITY = YES;
				GCC_C_LANGUAGE_STANDARD = gnu11;
				GCC_DYNAMIC_NO_PIC = NO;
				GCC_NO_COMMON_BLOCKS = YES;
				GCC_OPTIMIZATION_LEVEL = 0;
				GCC_PREPROCESSOR_DEFINITIONS = (
					"DEBUG=1",
					"$(inherited)",
				);
				GCC_WARN_64_TO_32_BIT_CONVERSION = YES;
				GCC_WARN_ABOUT_RETURN_TYPE = YES_ERROR;
				GCC_WARN_UNDECLARED_SELECTOR = YES;
				GCC_WARN_UNINITIALIZED_AUTOS = YES_AGGRESSIVE;
				GCC_WARN_UNUSED_FUNCTION = YES;
				GCC_WARN_UNUSED_VARIABLE = YES;
				MACOSX_DEPLOYMENT_TARGET = 10.13;
				MTL_ENABLE_DEBUG_INFO = YES;
				ONLY_ACTIVE_ARCH = YES;
				SDKROOT = macosx;
			};
			name = Debug;
		};
		760CE1DC20B593E1003C35DD /* Release */ = {
			isa = XCBuildConfiguration;
			buildSettings = {
				ALWAYS_SEARCH_USER_PATHS = NO;
				CLANG_ANALYZER_NONNULL = YES;
				CLANG_ANALYZER_NUMBER_OBJECT_CONVERSION = YES_AGGRESSIVE;
				CLANG_CXX_LANGUAGE_STANDARD = "gnu++14";
				CLANG_CXX_LIBRARY = "libc++";
				CLANG_ENABLE_MODULES = YES;
				CLANG_ENABLE_OBJC_ARC = YES;
				CLANG_ENABLE_OBJC_WEAK = YES;
				CLANG_WARN_BLOCK_CAPTURE_AUTORELEASING = YES;
				CLANG_WARN_BOOL_CONVERSION = YES;
				CLANG_WARN_COMMA = YES;
				CLANG_WARN_CONSTANT_CONVERSION = YES;
				CLANG_WARN_DEPRECATED_OBJC_IMPLEMENTATIONS = YES;
				CLANG_WARN_DIRECT_OBJC_ISA_USAGE = YES_ERROR;
				CLANG_WARN_DOCUMENTATION_COMMENTS = YES;
				CLANG_WARN_EMPTY_BODY = YES;
				CLANG_WARN_ENUM_CONVERSION = YES;
				CLANG_WARN_INFINITE_RECURSION = YES;
				CLANG_WARN_INT_CONVERSION = YES;
				CLANG_WARN_NON_LITERAL_NULL_CONVERSION = YES;
				CLANG_WARN_OBJC_IMPLICIT_RETAIN_SELF = YES;
				CLANG_WARN_OBJC_LITERAL_CONVERSION = YES;
				CLANG_WARN_OBJC_ROOT_CLASS = YES_ERROR;
				CLANG_WARN_RANGE_LOOP_ANALYSIS = YES;
				CLANG_WARN_STRICT_PROTOTYPES = YES;
				CLANG_WARN_SUSPICIOUS_MOVE = YES;
				CLANG_WARN_UNGUARDED_AVAILABILITY = YES_AGGRESSIVE;
				CLANG_WARN_UNREACHABLE_CODE = YES;
				CLANG_WARN__DUPLICATE_METHOD_MATCH = YES;
				CODE_SIGN_IDENTITY = "-";
				COPY_PHASE_STRIP = NO;
				DEBUG_INFORMATION_FORMAT = "dwarf-with-dsym";
				ENABLE_NS_ASSERTIONS = NO;
				ENABLE_STRICT_OBJC_MSGSEND = YES;
				GCC_C_LANGUAGE_STANDARD = gnu11;
				GCC_NO_COMMON_BLOCKS = YES;
				GCC_WARN_64_TO_32_BIT_CONVERSION = YES;
				GCC_WARN_ABOUT_RETURN_TYPE = YES_ERROR;
				GCC_WARN_UNDECLARED_SELECTOR = YES;
				GCC_WARN_UNINITIALIZED_AUTOS = YES_AGGRESSIVE;
				GCC_WARN_UNUSED_FUNCTION = YES;
				GCC_WARN_UNUSED_VARIABLE = YES;
				MACOSX_DEPLOYMENT_TARGET = 10.13;
				MTL_ENABLE_DEBUG_INFO = NO;
				SDKROOT = macosx;
			};
			name = Release;
		};
		760CE1DE20B593E1003C35DD /* Debug */ = {
			isa = XCBuildConfiguration;
			buildSettings = {
				CODE_SIGN_STYLE = Automatic;
				PRODUCT_NAME = "$(TARGET_NAME)";
			};
			name = Debug;
		};
		760CE1DF20B593E1003C35DD /* Release */ = {
			isa = XCBuildConfiguration;
			buildSettings = {
				CODE_SIGN_STYLE = Automatic;
				PRODUCT_NAME = "$(TARGET_NAME)";
			};
			name = Release;
		};
/* End XCBuildConfiguration section */

/* Begin XCConfigurationList section */
		760CE1D120B593E1003C35DD /* Build configuration list for PBXProject "ZenOfDesignPatterns.里氏替换" */ = {
			isa = XCConfigurationList;
			buildConfigurations = (
				760CE1DB20B593E1003C35DD /* Debug */,
				760CE1DC20B593E1003C35DD /* Release */,
			);
			defaultConfigurationIsVisible = 0;
			defaultConfigurationName = Release;
		};
		760CE1DD20B593E1003C35DD /* Build configuration list for PBXNativeTarget "ZenOfDesignPatterns.里氏替换" */ = {
			isa = XCConfigurationList;
			buildConfigurations = (
				760CE1DE20B593E1003C35DD /* Debug */,
				760CE1DF20B593E1003C35DD /* Release */,
			);
			defaultConfigurationIsVisible = 0;
			defaultConfigurationName = Release;
		};
/* End XCConfigurationList section */
	};
	rootObject = 760CE1CE20B593E1003C35DD /* Project object */;
}
